
Microsoft Visual Studio Solution File, Format Version 12.00
# Visual Studio 15
VisualStudioVersion = 15.0.28307.271
MinimumVisualStudioVersion = 10.0.40219.1
Project("{FAE04EC0-301F-11D3-BF4B-00C04F79EFBC}") = "SoundAnalyzer", "SoundAnalyzer\SoundAnalyzer.csproj", "{C7A89F25-147F-47D2-BC88-BEF61778CC1E}"
EndProject
Project("{FAE04EC0-301F-11D3-BF4B-00C04F79EFBC}") = "AudioLibrary", "AudioLibrary\AudioLibrary.csproj", "{9BB8D3A0-18B6-4797-B9DB-56FC29A64955}"
EndProject
Global
	GlobalSection(SolutionConfigurationPlatforms) = preSolution
		Debug|Any CPU = Debug|Any CPU
		Release|Any CPU = Release|Any CPU
	EndGlobalSection
	GlobalSection(ProjectConfigurationPlatforms) = postSolution
		{C7A89F25-147F-47D2-BC88-BEF61778CC1E}.Debug|Any CPU.ActiveCfg = Debug|Any CPU
		{C7A89F25-147F-47D2-BC88-BEF61778CC1E}.Debug|Any CPU.Build.0 = Debug|Any CPU
		{C7A89F25-147F-47D2-BC88-BEF61778CC1E}.Release|Any CPU.ActiveCfg = Release|Any CPU
		{C7A89F25-147F-47D2-BC88-BEF61778CC1E}.Release|Any CPU.Build.0 = Release|Any CPU
		{9BB8D3A0-18B6-4797-B9DB-56FC29A64955}.Debug|Any CPU.ActiveCfg = Debug|Any CPU
		{9BB8D3A0-18B6-4797-B9DB-56FC29A64955}.Debug|Any CPU.Build.0 = Debug|Any CPU
		{9BB8D3A0-18B6-4797-B9DB-56FC29A64955}.Release|Any CPU.ActiveCfg = Release|Any CPU
		{9BB8D3A0-18B6-4797-B9DB-56FC29A64955}.Release|Any CPU.Build.0 = Release|Any CPU
	EndGlobalSection
	GlobalSection(SolutionProperties) = preSolution
		HideSolutionNode = FALSE
	EndGlobalSection
	GlobalSection(ExtensibilityGlobals) = postSolution
		SolutionGuid = {B4C853F8-6D00-4671-968C-B6B2AB040285}
	EndGlobalSection
EndGlobal
